
Microsoft Visual Studio Solution File, Format Version 12.00
# Visual Studio Version 16
VisualStudioVersion = 16.0.31129.286
MinimumVisualStudioVersion = 10.0.40219.1
Project("{FAE04EC0-301F-11D3-BF4B-00C04F79EFBC}") = "MiddleOfLinkedList", "MiddleOfLinkedList.csproj", "{722E7D92-13E1-4973-BE52-51E4CEA927DE}"
EndProject
Global
	GlobalSection(SolutionConfigurationPlatforms) = preSolution
		Debug|Any CPU = Debug|Any CPU
		Release|Any CPU = Release|Any CPU
	EndGlobalSection
	GlobalSection(ProjectConfigurationPlatforms) = postSolution
		{722E7D92-13E1-4973-BE52-51E4CEA927DE}.Debug|Any CPU.ActiveCfg = Debug|Any CPU
		{722E7D92-13E1-4973-BE52-51E4CEA927DE}.Debug|Any CPU.Build.0 = Debug|Any CPU
		{722E7D92-13E1-4973-BE52-51E4CEA927DE}.Release|Any CPU.ActiveCfg = Release|Any CPU
		{722E7D92-13E1-4973-BE52-51E4CEA927DE}.Release|Any CPU.Build.0 = Release|Any CPU
	EndGlobalSection
	GlobalSection(SolutionProperties) = preSolution
		HideSolutionNode = FALSE
	EndGlobalSection
	GlobalSection(ExtensibilityGlobals) = postSolution
		SolutionGuid = {051E6A9B-EFBE-4A27-AB1B-DFCDDFD52C15}
	EndGlobalSection
EndGlobal
