
Microsoft Visual Studio Solution File, Format Version 12.00
# Visual Studio Version 16
VisualStudioVersion = 16.0.31005.135
MinimumVisualStudioVersion = 10.0.40219.1
Project("{9A19103F-16F7-4668-BE54-9A1E7A4F7556}") = "Singleton", "Singleton.csproj", "{56B1401E-5E18-4908-A7FA-0B44B62188E0}"
EndProject
Project("{9A19103F-16F7-4668-BE54-9A1E7A4F7556}") = "ABSTRACT MEMBERS", "..\..\..\ABSTRACT MEMBERS\ABSTRACT MEMBERS.csproj", "{BB77FDB1-21BB-4D7B-9344-F2BB83AAE6F9}"
EndProject
Global
	GlobalSection(SolutionConfigurationPlatforms) = preSolution
		Debug|Any CPU = Debug|Any CPU
		Release|Any CPU = Release|Any CPU
	EndGlobalSection
	GlobalSection(ProjectConfigurationPlatforms) = postSolution
		{56B1401E-5E18-4908-A7FA-0B44B62188E0}.Debug|Any CPU.ActiveCfg = Debug|Any CPU
		{56B1401E-5E18-4908-A7FA-0B44B62188E0}.Debug|Any CPU.Build.0 = Debug|Any CPU
		{56B1401E-5E18-4908-A7FA-0B44B62188E0}.Release|Any CPU.ActiveCfg = Release|Any CPU
		{56B1401E-5E18-4908-A7FA-0B44B62188E0}.Release|Any CPU.Build.0 = Release|Any CPU
		{BB77FDB1-21BB-4D7B-9344-F2BB83AAE6F9}.Debug|Any CPU.ActiveCfg = Debug|Any CPU
		{BB77FDB1-21BB-4D7B-9344-F2BB83AAE6F9}.Debug|Any CPU.Build.0 = Debug|Any CPU
		{BB77FDB1-21BB-4D7B-9344-F2BB83AAE6F9}.Release|Any CPU.ActiveCfg = Release|Any CPU
		{BB77FDB1-21BB-4D7B-9344-F2BB83AAE6F9}.Release|Any CPU.Build.0 = Release|Any CPU
	EndGlobalSection
	GlobalSection(SolutionProperties) = preSolution
		HideSolutionNode = FALSE
	EndGlobalSection
	GlobalSection(ExtensibilityGlobals) = postSolution
		SolutionGuid = {6F35C43D-ADD1-4CBC-82FE-C8D920C4B45F}
	EndGlobalSection
EndGlobal
