
Microsoft Visual Studio Solution File, Format Version 12.00
# Visual Studio Version 16
VisualStudioVersion = 16.0.31129.286
MinimumVisualStudioVersion = 10.0.40219.1
Project("{FAE04EC0-301F-11D3-BF4B-00C04F79EFBC}") = "BACKEND.API", "BACKEND.API.csproj", "{EC3A4609-AC54-40EC-9B5B-4B78419860FB}"
EndProject
Global
	GlobalSection(SolutionConfigurationPlatforms) = preSolution
		Debug|Any CPU = Debug|Any CPU
		Release|Any CPU = Release|Any CPU
	EndGlobalSection
	GlobalSection(ProjectConfigurationPlatforms) = postSolution
		{EC3A4609-AC54-40EC-9B5B-4B78419860FB}.Debug|Any CPU.ActiveCfg = Debug|Any CPU
		{EC3A4609-AC54-40EC-9B5B-4B78419860FB}.Debug|Any CPU.Build.0 = Debug|Any CPU
		{EC3A4609-AC54-40EC-9B5B-4B78419860FB}.Release|Any CPU.ActiveCfg = Release|Any CPU
		{EC3A4609-AC54-40EC-9B5B-4B78419860FB}.Release|Any CPU.Build.0 = Release|Any CPU
	EndGlobalSection
	GlobalSection(SolutionProperties) = preSolution
		HideSolutionNode = FALSE
	EndGlobalSection
	GlobalSection(ExtensibilityGlobals) = postSolution
		SolutionGuid = {6B3B4863-1F3B-4AB8-B399-D0080BB2CCFA}
	EndGlobalSection
EndGlobal
