
Microsoft Visual Studio Solution File, Format Version 12.00
# Visual Studio Version 16
VisualStudioVersion = 16.0.31129.286
MinimumVisualStudioVersion = 10.0.40219.1
Project("{FAE04EC0-301F-11D3-BF4B-00C04F79EFBC}") = "ReverseStrings", "ReverseStrings.csproj", "{6F56F4FD-5BF7-4649-B04B-39B6FEF77CB6}"
EndProject
Global
	GlobalSection(SolutionConfigurationPlatforms) = preSolution
		Debug|Any CPU = Debug|Any CPU
		Release|Any CPU = Release|Any CPU
	EndGlobalSection
	GlobalSection(ProjectConfigurationPlatforms) = postSolution
		{6F56F4FD-5BF7-4649-B04B-39B6FEF77CB6}.Debug|Any CPU.ActiveCfg = Debug|Any CPU
		{6F56F4FD-5BF7-4649-B04B-39B6FEF77CB6}.Debug|Any CPU.Build.0 = Debug|Any CPU
		{6F56F4FD-5BF7-4649-B04B-39B6FEF77CB6}.Release|Any CPU.ActiveCfg = Release|Any CPU
		{6F56F4FD-5BF7-4649-B04B-39B6FEF77CB6}.Release|Any CPU.Build.0 = Release|Any CPU
	EndGlobalSection
	GlobalSection(SolutionProperties) = preSolution
		HideSolutionNode = FALSE
	EndGlobalSection
	GlobalSection(ExtensibilityGlobals) = postSolution
		SolutionGuid = {21151ABD-6D66-4BE3-B5C1-CFB6BC430483}
	EndGlobalSection
EndGlobal
