
Microsoft Visual Studio Solution File, Format Version 12.00
# Visual Studio Version 16
VisualStudioVersion = 16.0.31129.286
MinimumVisualStudioVersion = 10.0.40219.1
Project("{FAE04EC0-301F-11D3-BF4B-00C04F79EFBC}") = "ReverseWordsInString", "ReverseWordsInString.csproj", "{720454F2-5B16-4271-AF7F-428B176829CA}"
EndProject
Global
	GlobalSection(SolutionConfigurationPlatforms) = preSolution
		Debug|Any CPU = Debug|Any CPU
		Release|Any CPU = Release|Any CPU
	EndGlobalSection
	GlobalSection(ProjectConfigurationPlatforms) = postSolution
		{720454F2-5B16-4271-AF7F-428B176829CA}.Debug|Any CPU.ActiveCfg = Debug|Any CPU
		{720454F2-5B16-4271-AF7F-428B176829CA}.Debug|Any CPU.Build.0 = Debug|Any CPU
		{720454F2-5B16-4271-AF7F-428B176829CA}.Release|Any CPU.ActiveCfg = Release|Any CPU
		{720454F2-5B16-4271-AF7F-428B176829CA}.Release|Any CPU.Build.0 = Release|Any CPU
	EndGlobalSection
	GlobalSection(SolutionProperties) = preSolution
		HideSolutionNode = FALSE
	EndGlobalSection
	GlobalSection(ExtensibilityGlobals) = postSolution
		SolutionGuid = {B07064FD-9D49-435B-8654-D7AD3E2B3B19}
	EndGlobalSection
EndGlobal
