
Microsoft Visual Studio Solution File, Format Version 12.00
# Visual Studio Version 16
VisualStudioVersion = 16.0.31129.286
MinimumVisualStudioVersion = 10.0.40219.1
Project("{FAE04EC0-301F-11D3-BF4B-00C04F79EFBC}") = "CutomersDAO", "CutomersDAO.csproj", "{941B0EEB-9E6C-4083-BCD4-E2D48588B19C}"
EndProject
Global
	GlobalSection(SolutionConfigurationPlatforms) = preSolution
		Debug|Any CPU = Debug|Any CPU
		Release|Any CPU = Release|Any CPU
	EndGlobalSection
	GlobalSection(ProjectConfigurationPlatforms) = postSolution
		{941B0EEB-9E6C-4083-BCD4-E2D48588B19C}.Debug|Any CPU.ActiveCfg = Debug|Any CPU
		{941B0EEB-9E6C-4083-BCD4-E2D48588B19C}.Debug|Any CPU.Build.0 = Debug|Any CPU
		{941B0EEB-9E6C-4083-BCD4-E2D48588B19C}.Release|Any CPU.ActiveCfg = Release|Any CPU
		{941B0EEB-9E6C-4083-BCD4-E2D48588B19C}.Release|Any CPU.Build.0 = Release|Any CPU
	EndGlobalSection
	GlobalSection(SolutionProperties) = preSolution
		HideSolutionNode = FALSE
	EndGlobalSection
	GlobalSection(ExtensibilityGlobals) = postSolution
		SolutionGuid = {2C441EE9-C254-442F-8BB1-CD5322169471}
	EndGlobalSection
EndGlobal
