
Microsoft Visual Studio Solution File, Format Version 12.00
# Visual Studio Version 16
VisualStudioVersion = 16.0.31129.286
MinimumVisualStudioVersion = 10.0.40219.1
Project("{FAE04EC0-301F-11D3-BF4B-00C04F79EFBC}") = "NinjaUnitTest", "NinjaUnitTest\NinjaUnitTest.csproj", "{8714D934-DC11-4428-AFFE-6EB5F6F5CBC4}"
EndProject
Project("{FAE04EC0-301F-11D3-BF4B-00C04F79EFBC}") = "NinjaUnitTest.UnitTest", "NinjaUnitTest.UnitTest\NinjaUnitTest.UnitTest.csproj", "{00359D31-1091-4350-8DB7-1F23B3656971}"
EndProject
Global
	GlobalSection(SolutionConfigurationPlatforms) = preSolution
		Debug|Any CPU = Debug|Any CPU
		Release|Any CPU = Release|Any CPU
	EndGlobalSection
	GlobalSection(ProjectConfigurationPlatforms) = postSolution
		{8714D934-DC11-4428-AFFE-6EB5F6F5CBC4}.Debug|Any CPU.ActiveCfg = Debug|Any CPU
		{8714D934-DC11-4428-AFFE-6EB5F6F5CBC4}.Debug|Any CPU.Build.0 = Debug|Any CPU
		{8714D934-DC11-4428-AFFE-6EB5F6F5CBC4}.Release|Any CPU.ActiveCfg = Release|Any CPU
		{8714D934-DC11-4428-AFFE-6EB5F6F5CBC4}.Release|Any CPU.Build.0 = Release|Any CPU
		{00359D31-1091-4350-8DB7-1F23B3656971}.Debug|Any CPU.ActiveCfg = Debug|Any CPU
		{00359D31-1091-4350-8DB7-1F23B3656971}.Debug|Any CPU.Build.0 = Debug|Any CPU
		{00359D31-1091-4350-8DB7-1F23B3656971}.Release|Any CPU.ActiveCfg = Release|Any CPU
		{00359D31-1091-4350-8DB7-1F23B3656971}.Release|Any CPU.Build.0 = Release|Any CPU
	EndGlobalSection
	GlobalSection(SolutionProperties) = preSolution
		HideSolutionNode = FALSE
	EndGlobalSection
	GlobalSection(ExtensibilityGlobals) = postSolution
		SolutionGuid = {895B2997-3A95-4B64-B57E-4645CC08BFDD}
	EndGlobalSection
EndGlobal
