
Microsoft Visual Studio Solution File, Format Version 12.00
# Visual Studio Version 16
VisualStudioVersion = 16.0.31129.286
MinimumVisualStudioVersion = 10.0.40219.1
Project("{FAE04EC0-301F-11D3-BF4B-00C04F79EFBC}") = "ReversingArray", "ReversingArray.csproj", "{D7934AC3-D695-49C2-A1DD-57B9B59E532C}"
EndProject
Global
	GlobalSection(SolutionConfigurationPlatforms) = preSolution
		Debug|Any CPU = Debug|Any CPU
		Release|Any CPU = Release|Any CPU
	EndGlobalSection
	GlobalSection(ProjectConfigurationPlatforms) = postSolution
		{D7934AC3-D695-49C2-A1DD-57B9B59E532C}.Debug|Any CPU.ActiveCfg = Debug|Any CPU
		{D7934AC3-D695-49C2-A1DD-57B9B59E532C}.Debug|Any CPU.Build.0 = Debug|Any CPU
		{D7934AC3-D695-49C2-A1DD-57B9B59E532C}.Release|Any CPU.ActiveCfg = Release|Any CPU
		{D7934AC3-D695-49C2-A1DD-57B9B59E532C}.Release|Any CPU.Build.0 = Release|Any CPU
	EndGlobalSection
	GlobalSection(SolutionProperties) = preSolution
		HideSolutionNode = FALSE
	EndGlobalSection
	GlobalSection(ExtensibilityGlobals) = postSolution
		SolutionGuid = {4C8CBEB1-7481-47D6-9243-DCA1655EF7E9}
	EndGlobalSection
EndGlobal
